schema: '2.0'
stages:
  load_data:
    cmd: python src/load_data.py
    deps:
    - path: src/load_data.py
      hash: md5
      md5: b1cc18baea1257f3fbfb0aa9c771ed42
      size: 227
    outs:
    - path: output/data.pkl
      hash: md5
      md5: 35353c71da0985eed8bb507bbc53bd91
      size: 54950285
  train:
    cmd: python src/train.py
    deps:
    - path: output/data.pkl
      hash: md5
      md5: 35353c71da0985eed8bb507bbc53bd91
      size: 54950285
    - path: src/train.py
      hash: md5
      md5: 4769acacbfd86ab4d1129ada244a5eaf
      size: 3254
    params:
      params.yaml:
        train.batch_size: 128
        train.dropout: 0.45
        train.hidden_units: 64
        train.lr: 0.01
        train.num_epochs: 10
    outs:
    - path: dvclive/metrics.json
      hash: md5
      md5: eddd2e4d726ea9683919c842eae2d028
      size: 54
    - path: dvclive/plots/metrics/accuracy.tsv
      hash: md5
      md5: da1f44b5d508d323355297f0265a2dfb
      size: 224
    - path: output/myfmmodel.keras
      hash: md5
      md5: e0d74f03939366b6950814361b0d3439
      size: 3678612
    - path: output/myfmmodel.tar.gz
      hash: md5
      md5: 3f6c23156cc37ecf60ebf8812cd7ffa8
      size: 3428323
    - path: output/train_logs.csv
      hash: md5
      md5: 65c77f50e1a7e0c57c9ac391c1a349af
      size: 425
  evaluate:
    cmd: python src/evaluate.py
    deps:
    - path: output/data.pkl
      hash: md5
      md5: 35353c71da0985eed8bb507bbc53bd91
      size: 54950285
    - path: output/myfmmodel.keras
      hash: md5
      md5: e0d74f03939366b6950814361b0d3439
      size: 3678612
    - path: src/evaluate.py
      hash: md5
      md5: d55658c1947e760905f8784a695033b4
      size: 2983
    outs:
    - path: output/metrics.json
      hash: md5
      md5: 5e90c05c2a69d785552d4aa157a1b5b8
      size: 61
    - path: output/predictions.json
      hash: md5
      md5: 0252d31cbeed3aae886c033a033d9b62
      size: 310000
    - path: output/test/samples_of_mispredicted_images/
      hash: md5
      md5: 8708f98722608b6128241e31551b17c6.dir
      size: 175336
      nfiles: 10
